
Microsoft Visual Studio Solution File, Format Version 12.00
Project("{FAE04EC0-301F-11D3-BF4B-00C04F79EFBC}") = "Order", "Order\Order.csproj", "{F4FCF80B-6753-460B-9F5E-538730879682}"
EndProject
Project("{FAE04EC0-301F-11D3-BF4B-00C04F79EFBC}") = "Customer", "Customer\Customer.csproj", "{9842561D-6069-44A0-8909-1D209C0ECD3A}"
EndProject
Project("{FAE04EC0-301F-11D3-BF4B-00C04F79EFBC}") = "Gateway", "Gateway\Gateway.csproj", "{9D611032-E6E6-458F-9DFC-314D82B61E35}"
EndProject
Project("{FAE04EC0-301F-11D3-BF4B-00C04F79EFBC}") = "ProjectTester", "ProjectTester\ProjectTester.csproj", "{A121C44C-612C-43BD-85B6-8D1CF076CDED}"
EndProject
Project("{FAE04EC0-301F-11D3-BF4B-00C04F79EFBC}") = "Core", "Core\Core.csproj", "{38D59333-10DA-46DA-B4FB-CA6E70BA7B5F}"
EndProject
Project("{FAE04EC0-301F-11D3-BF4B-00C04F79EFBC}") = "Domain", "Domain\Domain.csproj", "{B8ED0F80-1B85-499A-AD1A-793C9018B92C}"
EndProject
Global
	GlobalSection(SolutionConfigurationPlatforms) = preSolution
		Debug|Any CPU = Debug|Any CPU
		Release|Any CPU = Release|Any CPU
	EndGlobalSection
	GlobalSection(ProjectConfigurationPlatforms) = postSolution
		{F4FCF80B-6753-460B-9F5E-538730879682}.Debug|Any CPU.ActiveCfg = Debug|Any CPU
		{F4FCF80B-6753-460B-9F5E-538730879682}.Debug|Any CPU.Build.0 = Debug|Any CPU
		{F4FCF80B-6753-460B-9F5E-538730879682}.Release|Any CPU.ActiveCfg = Release|Any CPU
		{F4FCF80B-6753-460B-9F5E-538730879682}.Release|Any CPU.Build.0 = Release|Any CPU
		{9842561D-6069-44A0-8909-1D209C0ECD3A}.Debug|Any CPU.ActiveCfg = Debug|Any CPU
		{9842561D-6069-44A0-8909-1D209C0ECD3A}.Debug|Any CPU.Build.0 = Debug|Any CPU
		{9842561D-6069-44A0-8909-1D209C0ECD3A}.Release|Any CPU.ActiveCfg = Release|Any CPU
		{9842561D-6069-44A0-8909-1D209C0ECD3A}.Release|Any CPU.Build.0 = Release|Any CPU
		{9D611032-E6E6-458F-9DFC-314D82B61E35}.Debug|Any CPU.ActiveCfg = Debug|Any CPU
		{9D611032-E6E6-458F-9DFC-314D82B61E35}.Debug|Any CPU.Build.0 = Debug|Any CPU
		{9D611032-E6E6-458F-9DFC-314D82B61E35}.Release|Any CPU.ActiveCfg = Release|Any CPU
		{9D611032-E6E6-458F-9DFC-314D82B61E35}.Release|Any CPU.Build.0 = Release|Any CPU
		{A121C44C-612C-43BD-85B6-8D1CF076CDED}.Debug|Any CPU.ActiveCfg = Debug|Any CPU
		{A121C44C-612C-43BD-85B6-8D1CF076CDED}.Debug|Any CPU.Build.0 = Debug|Any CPU
		{A121C44C-612C-43BD-85B6-8D1CF076CDED}.Release|Any CPU.ActiveCfg = Release|Any CPU
		{A121C44C-612C-43BD-85B6-8D1CF076CDED}.Release|Any CPU.Build.0 = Release|Any CPU
		{38D59333-10DA-46DA-B4FB-CA6E70BA7B5F}.Debug|Any CPU.ActiveCfg = Debug|Any CPU
		{38D59333-10DA-46DA-B4FB-CA6E70BA7B5F}.Debug|Any CPU.Build.0 = Debug|Any CPU
		{38D59333-10DA-46DA-B4FB-CA6E70BA7B5F}.Release|Any CPU.ActiveCfg = Release|Any CPU
		{38D59333-10DA-46DA-B4FB-CA6E70BA7B5F}.Release|Any CPU.Build.0 = Release|Any CPU
		{B8ED0F80-1B85-499A-AD1A-793C9018B92C}.Debug|Any CPU.ActiveCfg = Debug|Any CPU
		{B8ED0F80-1B85-499A-AD1A-793C9018B92C}.Debug|Any CPU.Build.0 = Debug|Any CPU
		{B8ED0F80-1B85-499A-AD1A-793C9018B92C}.Release|Any CPU.ActiveCfg = Release|Any CPU
		{B8ED0F80-1B85-499A-AD1A-793C9018B92C}.Release|Any CPU.Build.0 = Release|Any CPU
	EndGlobalSection
EndGlobal
